
Microsoft Visual Studio Solution File, Format Version 12.00
# Visual Studio Version 17
VisualStudioVersion = 17.10.34916.146
MinimumVisualStudioVersion = 10.0.40219.1
Project("{FAE04EC0-301F-11D3-BF4B-00C04F79EFBC}") = "DynamicArrays", "DynamicArrays.csproj", "{832A907A-CFD6-4739-817B-5170C78CBE00}"
EndProject
Global
	GlobalSection(SolutionConfigurationPlatforms) = preSolution
		Debug|Any CPU = Debug|Any CPU
		Release|Any CPU = Release|Any CPU
	EndGlobalSection
	GlobalSection(ProjectConfigurationPlatforms) = postSolution
		{832A907A-CFD6-4739-817B-5170C78CBE00}.Debug|Any CPU.ActiveCfg = Debug|Any CPU
		{832A907A-CFD6-4739-817B-5170C78CBE00}.Debug|Any CPU.Build.0 = Debug|Any CPU
		{832A907A-CFD6-4739-817B-5170C78CBE00}.Release|Any CPU.ActiveCfg = Release|Any CPU
		{832A907A-CFD6-4739-817B-5170C78CBE00}.Release|Any CPU.Build.0 = Release|Any CPU
	EndGlobalSection
	GlobalSection(SolutionProperties) = preSolution
		HideSolutionNode = FALSE
	EndGlobalSection
	GlobalSection(ExtensibilityGlobals) = postSolution
		SolutionGuid = {FFDEAA27-C2D7-4DEB-8622-3E9FA38F9ACE}
	EndGlobalSection
EndGlobal
